
Microsoft Visual Studio Solution File, Format Version 12.00
# Visual Studio 15
Project("{FAE04EC0-301F-11D3-BF4B-00C04F79EFBC}") = "PartemBackendv2Project", "PartemBackendv2Project\PartemBackendv2Project.csproj", "{95F001AF-994D-4CD3-ACAC-13F01A6388BA}"
EndProject
Global
	GlobalSection(SolutionConfigurationPlatforms) = preSolution
		Debug|Any CPU = Debug|Any CPU
		Release|Any CPU = Release|Any CPU
	EndGlobalSection
	GlobalSection(ProjectConfigurationPlatforms) = postSolution
		{95F001AF-994D-4CD3-ACAC-13F01A6388BA}.Debug|Any CPU.ActiveCfg = Debug|Any CPU
		{95F001AF-994D-4CD3-ACAC-13F01A6388BA}.Debug|Any CPU.Build.0 = Debug|Any CPU
		{95F001AF-994D-4CD3-ACAC-13F01A6388BA}.Release|Any CPU.ActiveCfg = Release|Any CPU
		{95F001AF-994D-4CD3-ACAC-13F01A6388BA}.Release|Any CPU.Build.0 = Release|Any CPU
	EndGlobalSection
EndGlobal
